
Microsoft Visual Studio Solution File, Format Version 12.00
# Visual Studio Version 16
VisualStudioVersion = 16.0.30611.23
MinimumVisualStudioVersion = 10.0.40219.1
Project("{9A19103F-16F7-4668-BE54-9A1E7A4F7556}") = "TaskManager_1.0", "TaskManager_1.0\TaskManager_1.0.csproj", "{93B04FF6-0E99-4C4D-B315-0A2E4BCEC5E8}"
EndProject
Global
	GlobalSection(SolutionConfigurationPlatforms) = preSolution
		Debug|Any CPU = Debug|Any CPU
		Release|Any CPU = Release|Any CPU
	EndGlobalSection
	GlobalSection(ProjectConfigurationPlatforms) = postSolution
		{93B04FF6-0E99-4C4D-B315-0A2E4BCEC5E8}.Debug|Any CPU.ActiveCfg = Debug|Any CPU
		{93B04FF6-0E99-4C4D-B315-0A2E4BCEC5E8}.Debug|Any CPU.Build.0 = Debug|Any CPU
		{93B04FF6-0E99-4C4D-B315-0A2E4BCEC5E8}.Release|Any CPU.ActiveCfg = Release|Any CPU
		{93B04FF6-0E99-4C4D-B315-0A2E4BCEC5E8}.Release|Any CPU.Build.0 = Release|Any CPU
	EndGlobalSection
	GlobalSection(SolutionProperties) = preSolution
		HideSolutionNode = FALSE
	EndGlobalSection
	GlobalSection(ExtensibilityGlobals) = postSolution
		SolutionGuid = {5B6A97AA-E2C9-465B-90BB-3F99990C0D5C}
	EndGlobalSection
EndGlobal
